// !$*UTF8*$!
{
	archiveVersion = 1;
	classes = {
	};
	objectVersion = 55;
	objects = {

/* Begin PBXBuildFile section */
		3B5DE4F72865EF14007ADCD4 /* EventView.swift in Sources */ = {isa = PBXBuildFile; fileRef = 3B5DE4F52865EF14007ADCD4 /* EventView.swift */; };
		3B5DE4F82865EF14007ADCD4 /* EventsListView.swift in Sources */ = {isa = PBXBuildFile; fileRef = 3B5DE4F62865EF14007ADCD4 /* EventsListView.swift */; };
		3B5DE4FB2865F9EA007ADCD4 /* NewEventView.swift in Sources */ = {isa = PBXBuildFile; fileRef = 3B5DE4FA2865F9EA007ADCD4 /* NewEventView.swift */; };
		7B74221AA61659DA417BBFC4 /* Pods_TeamEventHackathon.framework in Frameworks */ = {isa = PBXBuildFile; fileRef = B18D7DF5E385C7866E8FAF46 /* Pods_TeamEventHackathon.framework */; };
		7D81EE4F2865BE020074B4E4 /* TeamEventHackathonApp.swift in Sources */ = {isa = PBXBuildFile; fileRef = 7D81EE4E2865BE020074B4E4 /* TeamEventHackathonApp.swift */; };
		7D81EE512865BE020074B4E4 /* LoginView.swift in Sources */ = {isa = PBXBuildFile; fileRef = 7D81EE502865BE020074B4E4 /* LoginView.swift */; };
		7D81EE532865BE030074B4E4 /* Assets.xcassets in Resources */ = {isa = PBXBuildFile; fileRef = 7D81EE522865BE030074B4E4 /* Assets.xcassets */; };
		7D81EE562865BE030074B4E4 /* Preview Assets.xcassets in Resources */ = {isa = PBXBuildFile; fileRef = 7D81EE552865BE030074B4E4 /* Preview Assets.xcassets */; };
		7D81EE602865BE030074B4E4 /* TeamEventHackathonTests.swift in Sources */ = {isa = PBXBuildFile; fileRef = 7D81EE5F2865BE030074B4E4 /* TeamEventHackathonTests.swift */; };
		7D81EE6A2865BE030074B4E4 /* TeamEventHackathonUITests.swift in Sources */ = {isa = PBXBuildFile; fileRef = 7D81EE692865BE030074B4E4 /* TeamEventHackathonUITests.swift */; };
		7D81EE6C2865BE030074B4E4 /* TeamEventHackathonUITestsLaunchTests.swift in Sources */ = {isa = PBXBuildFile; fileRef = 7D81EE6B2865BE030074B4E4 /* TeamEventHackathonUITestsLaunchTests.swift */; };
		7D81EE792865CC640074B4E4 /* TeamEventDetailScreen.swift in Sources */ = {isa = PBXBuildFile; fileRef = 7D81EE782865CC640074B4E4 /* TeamEventDetailScreen.swift */; };
		7D81EE7C2865CDAE0074B4E4 /* TeamEventDetailViewModel.swift in Sources */ = {isa = PBXBuildFile; fileRef = 7D81EE7B2865CDAE0074B4E4 /* TeamEventDetailViewModel.swift */; };
		7D81EE802865CE060074B4E4 /* Event.swift in Sources */ = {isa = PBXBuildFile; fileRef = 7D81EE7F2865CE060074B4E4 /* Event.swift */; };
/* End PBXBuildFile section */

/* Begin PBXContainerItemProxy section */
		7D81EE5C2865BE030074B4E4 /* PBXContainerItemProxy */ = {
			isa = PBXContainerItemProxy;
			containerPortal = 7D81EE432865BE020074B4E4 /* Project object */;
			proxyType = 1;
			remoteGlobalIDString = 7D81EE4A2865BE020074B4E4;
			remoteInfo = TeamEventHackathon;
		};
		7D81EE662865BE030074B4E4 /* PBXContainerItemProxy */ = {
			isa = PBXContainerItemProxy;
			containerPortal = 7D81EE432865BE020074B4E4 /* Project object */;
			proxyType = 1;
			remoteGlobalIDString = 7D81EE4A2865BE020074B4E4;
			remoteInfo = TeamEventHackathon;
		};
/* End PBXContainerItemProxy section */

/* Begin PBXFileReference section */
		0330033553D44CB05E05FED8 /* Pods-TeamEventHackathon.release.xcconfig */ = {isa = PBXFileReference; includeInIndex = 1; lastKnownFileType = text.xcconfig; name = "Pods-TeamEventHackathon.release.xcconfig"; path = "Target Support Files/Pods-TeamEventHackathon/Pods-TeamEventHackathon.release.xcconfig"; sourceTree = "<group>"; };
		3B0C40A02865C5D20026426F /* GoogleService-Info.plist */ = {isa = PBXFileReference; fileEncoding = 4; lastKnownFileType = text.plist.xml; path = "GoogleService-Info.plist"; sourceTree = "<group>"; };
		3B5DE4F52865EF14007ADCD4 /* EventView.swift */ = {isa = PBXFileReference; fileEncoding = 4; lastKnownFileType = sourcecode.swift; path = EventView.swift; sourceTree = "<group>"; };
		3B5DE4F62865EF14007ADCD4 /* EventsListView.swift */ = {isa = PBXFileReference; fileEncoding = 4; lastKnownFileType = sourcecode.swift; path = EventsListView.swift; sourceTree = "<group>"; };
		3B5DE4FA2865F9EA007ADCD4 /* NewEventView.swift */ = {isa = PBXFileReference; lastKnownFileType = sourcecode.swift; path = NewEventView.swift; sourceTree = "<group>"; };
		65C084FB6ADC8AA9CFD2CDF8 /* Pods-TeamEventHackathon.debug.xcconfig */ = {isa = PBXFileReference; includeInIndex = 1; lastKnownFileType = text.xcconfig; name = "Pods-TeamEventHackathon.debug.xcconfig"; path = "Target Support Files/Pods-TeamEventHackathon/Pods-TeamEventHackathon.debug.xcconfig"; sourceTree = "<group>"; };
		7D81EE4B2865BE020074B4E4 /* TeamEventHackathon.app */ = {isa = PBXFileReference; explicitFileType = wrapper.application; includeInIndex = 0; path = TeamEventHackathon.app; sourceTree = BUILT_PRODUCTS_DIR; };
		7D81EE4E2865BE020074B4E4 /* TeamEventHackathonApp.swift */ = {isa = PBXFileReference; lastKnownFileType = sourcecode.swift; path = TeamEventHackathonApp.swift; sourceTree = "<group>"; };
		7D81EE502865BE020074B4E4 /* LoginView.swift */ = {isa = PBXFileReference; lastKnownFileType = sourcecode.swift; path = LoginView.swift; sourceTree = "<group>"; };
		7D81EE522865BE030074B4E4 /* Assets.xcassets */ = {isa = PBXFileReference; lastKnownFileType = folder.assetcatalog; path = Assets.xcassets; sourceTree = "<group>"; };
		7D81EE552865BE030074B4E4 /* Preview Assets.xcassets */ = {isa = PBXFileReference; lastKnownFileType = folder.assetcatalog; path = "Preview Assets.xcassets"; sourceTree = "<group>"; };
		7D81EE5B2865BE030074B4E4 /* TeamEventHackathonTests.xctest */ = {isa = PBXFileReference; explicitFileType = wrapper.cfbundle; includeInIndex = 0; path = TeamEventHackathonTests.xctest; sourceTree = BUILT_PRODUCTS_DIR; };
		7D81EE5F2865BE030074B4E4 /* TeamEventHackathonTests.swift */ = {isa = PBXFileReference; lastKnownFileType = sourcecode.swift; path = TeamEventHackathonTests.swift; sourceTree = "<group>"; };
		7D81EE652865BE030074B4E4 /* TeamEventHackathonUITests.xctest */ = {isa = PBXFileReference; explicitFileType = wrapper.cfbundle; includeInIndex = 0; path = TeamEventHackathonUITests.xctest; sourceTree = BUILT_PRODUCTS_DIR; };
		7D81EE692865BE030074B4E4 /* TeamEventHackathonUITests.swift */ = {isa = PBXFileReference; lastKnownFileType = sourcecode.swift; path = TeamEventHackathonUITests.swift; sourceTree = "<group>"; };
		7D81EE6B2865BE030074B4E4 /* TeamEventHackathonUITestsLaunchTests.swift */ = {isa = PBXFileReference; lastKnownFileType = sourcecode.swift; path = TeamEventHackathonUITestsLaunchTests.swift; sourceTree = "<group>"; };
		7D81EE782865CC640074B4E4 /* TeamEventDetailScreen.swift */ = {isa = PBXFileReference; lastKnownFileType = sourcecode.swift; path = TeamEventDetailScreen.swift; sourceTree = "<group>"; };
		7D81EE7B2865CDAE0074B4E4 /* TeamEventDetailViewModel.swift */ = {isa = PBXFileReference; lastKnownFileType = sourcecode.swift; path = TeamEventDetailViewModel.swift; sourceTree = "<group>"; };
		7D81EE7F2865CE060074B4E4 /* Event.swift */ = {isa = PBXFileReference; lastKnownFileType = sourcecode.swift; path = Event.swift; sourceTree = "<group>"; };
		B18D7DF5E385C7866E8FAF46 /* Pods_TeamEventHackathon.framework */ = {isa = PBXFileReference; explicitFileType = wrapper.framework; includeInIndex = 0; path = Pods_TeamEventHackathon.framework; sourceTree = BUILT_PRODUCTS_DIR; };
/* End PBXFileReference section */

/* Begin PBXFrameworksBuildPhase section */
		7D81EE482865BE020074B4E4 /* Frameworks */ = {
			isa = PBXFrameworksBuildPhase;
			buildActionMask = 2147483647;
			files = (
				7B74221AA61659DA417BBFC4 /* Pods_TeamEventHackathon.framework in Frameworks */,
			);
			runOnlyForDeploymentPostprocessing = 0;
		};
		7D81EE582865BE030074B4E4 /* Frameworks */ = {
			isa = PBXFrameworksBuildPhase;
			buildActionMask = 2147483647;
			files = (
			);
			runOnlyForDeploymentPostprocessing = 0;
		};
		7D81EE622865BE030074B4E4 /* Frameworks */ = {
			isa = PBXFrameworksBuildPhase;
			buildActionMask = 2147483647;
			files = (
			);
			runOnlyForDeploymentPostprocessing = 0;
		};
/* End PBXFrameworksBuildPhase section */

/* Begin PBXGroup section */
		3B5DE4F42865EF14007ADCD4 /* EventList */ = {
			isa = PBXGroup;
			children = (
				3B5DE4F52865EF14007ADCD4 /* EventView.swift */,
				3B5DE4F62865EF14007ADCD4 /* EventsListView.swift */,
			);
			path = EventList;
			sourceTree = "<group>";
		};
		3B5DE4F92865F9DA007ADCD4 /* NewEvent */ = {
			isa = PBXGroup;
			children = (
				3B5DE4FA2865F9EA007ADCD4 /* NewEventView.swift */,
			);
			path = NewEvent;
			sourceTree = "<group>";
		};
		7D81EE422865BE020074B4E4 = {
			isa = PBXGroup;
			children = (
				7D81EE4D2865BE020074B4E4 /* TeamEventHackathon */,
				7D81EE5E2865BE030074B4E4 /* TeamEventHackathonTests */,
				7D81EE682865BE030074B4E4 /* TeamEventHackathonUITests */,
				7D81EE4C2865BE020074B4E4 /* Products */,
				DC3A0F6A0700F0DDE965B785 /* Pods */,
				B131507C4E339B51B24C8CA1 /* Frameworks */,
			);
			sourceTree = "<group>";
		};
		7D81EE4C2865BE020074B4E4 /* Products */ = {
			isa = PBXGroup;
			children = (
				7D81EE4B2865BE020074B4E4 /* TeamEventHackathon.app */,
				7D81EE5B2865BE030074B4E4 /* TeamEventHackathonTests.xctest */,
				7D81EE652865BE030074B4E4 /* TeamEventHackathonUITests.xctest */,
			);
			name = Products;
			sourceTree = "<group>";
		};
		7D81EE4D2865BE020074B4E4 /* TeamEventHackathon */ = {
			isa = PBXGroup;
			children = (
				3B5DE4F92865F9DA007ADCD4 /* NewEvent */,
				3B5DE4F42865EF14007ADCD4 /* EventList */,
				7D81EE7E2865CDFE0074B4E4 /* Models */,
				7D81EE7A2865CC760074B4E4 /* TeamEventDetail */,
				3B0C40A02865C5D20026426F /* GoogleService-Info.plist */,
				7D81EE4E2865BE020074B4E4 /* TeamEventHackathonApp.swift */,
				7D81EE502865BE020074B4E4 /* LoginView.swift */,
				7D81EE522865BE030074B4E4 /* Assets.xcassets */,
				7D81EE542865BE030074B4E4 /* Preview Content */,
			);
			path = TeamEventHackathon;
			sourceTree = "<group>";
		};
		7D81EE542865BE030074B4E4 /* Preview Content */ = {
			isa = PBXGroup;
			children = (
				7D81EE552865BE030074B4E4 /* Preview Assets.xcassets */,
			);
			path = "Preview Content";
			sourceTree = "<group>";
		};
		7D81EE5E2865BE030074B4E4 /* TeamEventHackathonTests */ = {
			isa = PBXGroup;
			children = (
				7D81EE5F2865BE030074B4E4 /* TeamEventHackathonTests.swift */,
			);
			path = TeamEventHackathonTests;
			sourceTree = "<group>";
		};
		7D81EE682865BE030074B4E4 /* TeamEventHackathonUITests */ = {
			isa = PBXGroup;
			children = (
				7D81EE692865BE030074B4E4 /* TeamEventHackathonUITests.swift */,
				7D81EE6B2865BE030074B4E4 /* TeamEventHackathonUITestsLaunchTests.swift */,
			);
			path = TeamEventHackathonUITests;
			sourceTree = "<group>";
		};
		7D81EE7A2865CC760074B4E4 /* TeamEventDetail */ = {
			isa = PBXGroup;
			children = (
				7D81EE782865CC640074B4E4 /* TeamEventDetailScreen.swift */,
				7D81EE7B2865CDAE0074B4E4 /* TeamEventDetailViewModel.swift */,
			);
			path = TeamEventDetail;
			sourceTree = "<group>";
		};
		7D81EE7E2865CDFE0074B4E4 /* Models */ = {
			isa = PBXGroup;
			children = (
				7D81EE7F2865CE060074B4E4 /* Event.swift */,
			);
			path = Models;
			sourceTree = "<group>";
		};
		B131507C4E339B51B24C8CA1 /* Frameworks */ = {
			isa = PBXGroup;
			children = (
				B18D7DF5E385C7866E8FAF46 /* Pods_TeamEventHackathon.framework */,
			);
			name = Frameworks;
			sourceTree = "<group>";
		};
		DC3A0F6A0700F0DDE965B785 /* Pods */ = {
			isa = PBXGroup;
			children = (
				65C084FB6ADC8AA9CFD2CDF8 /* Pods-TeamEventHackathon.debug.xcconfig */,
				0330033553D44CB05E05FED8 /* Pods-TeamEventHackathon.release.xcconfig */,
			);
			path = Pods;
			sourceTree = "<group>";
		};
/* End PBXGroup section */

/* Begin PBXNativeTarget section */
		7D81EE4A2865BE020074B4E4 /* TeamEventHackathon */ = {
			isa = PBXNativeTarget;
			buildConfigurationList = 7D81EE6F2865BE030074B4E4 /* Build configuration list for PBXNativeTarget "TeamEventHackathon" */;
			buildPhases = (
				9F092AA61A1483ECED8690E8 /* [CP] Check Pods Manifest.lock */,
				7D81EE472865BE020074B4E4 /* Sources */,
				7D81EE482865BE020074B4E4 /* Frameworks */,
				7D81EE492865BE020074B4E4 /* Resources */,
				432D8444EC8827937BCD4B7B /* [CP] Embed Pods Frameworks */,
			);
			buildRules = (
			);
			dependencies = (
			);
			name = TeamEventHackathon;
			productName = TeamEventHackathon;
			productReference = 7D81EE4B2865BE020074B4E4 /* TeamEventHackathon.app */;
			productType = "com.apple.product-type.application";
		};
		7D81EE5A2865BE030074B4E4 /* TeamEventHackathonTests */ = {
			isa = PBXNativeTarget;
			buildConfigurationList = 7D81EE722865BE030074B4E4 /* Build configuration list for PBXNativeTarget "TeamEventHackathonTests" */;
			buildPhases = (
				7D81EE572865BE030074B4E4 /* Sources */,
				7D81EE582865BE030074B4E4 /* Frameworks */,
				7D81EE592865BE030074B4E4 /* Resources */,
			);
			buildRules = (
			);
			dependencies = (
				7D81EE5D2865BE030074B4E4 /* PBXTargetDependency */,
			);
			name = TeamEventHackathonTests;
			productName = TeamEventHackathonTests;
			productReference = 7D81EE5B2865BE030074B4E4 /* TeamEventHackathonTests.xctest */;
			productType = "com.apple.product-type.bundle.unit-test";
		};
		7D81EE642865BE030074B4E4 /* TeamEventHackathonUITests */ = {
			isa = PBXNativeTarget;
			buildConfigurationList = 7D81EE752865BE030074B4E4 /* Build configuration list for PBXNativeTarget "TeamEventHackathonUITests" */;
			buildPhases = (
				7D81EE612865BE030074B4E4 /* Sources */,
				7D81EE622865BE030074B4E4 /* Frameworks */,
				7D81EE632865BE030074B4E4 /* Resources */,
			);
			buildRules = (
			);
			dependencies = (
				7D81EE672865BE030074B4E4 /* PBXTargetDependency */,
			);
			name = TeamEventHackathonUITests;
			productName = TeamEventHackathonUITests;
			productReference = 7D81EE652865BE030074B4E4 /* TeamEventHackathonUITests.xctest */;
			productType = "com.apple.product-type.bundle.ui-testing";
		};
/* End PBXNativeTarget section */

/* Begin PBXProject section */
		7D81EE432865BE020074B4E4 /* Project object */ = {
			isa = PBXProject;
			attributes = {
				BuildIndependentTargetsInParallel = 1;
				LastSwiftUpdateCheck = 1320;
				LastUpgradeCheck = 1320;
				TargetAttributes = {
					7D81EE4A2865BE020074B4E4 = {
						CreatedOnToolsVersion = 13.2.1;
					};
					7D81EE5A2865BE030074B4E4 = {
						CreatedOnToolsVersion = 13.2.1;
						TestTargetID = 7D81EE4A2865BE020074B4E4;
					};
					7D81EE642865BE030074B4E4 = {
						CreatedOnToolsVersion = 13.2.1;
						TestTargetID = 7D81EE4A2865BE020074B4E4;
					};
				};
			};
			buildConfigurationList = 7D81EE462865BE020074B4E4 /* Build configuration list for PBXProject "TeamEventHackathon" */;
			compatibilityVersion = "Xcode 13.0";
			developmentRegion = en;
			hasScannedForEncodings = 0;
			knownRegions = (
				en,
				Base,
			);
			mainGroup = 7D81EE422865BE020074B4E4;
			productRefGroup = 7D81EE4C2865BE020074B4E4 /* Products */;
			projectDirPath = "";
			projectRoot = "";
			targets = (
				7D81EE4A2865BE020074B4E4 /* TeamEventHackathon */,
				7D81EE5A2865BE030074B4E4 /* TeamEventHackathonTests */,
				7D81EE642865BE030074B4E4 /* TeamEventHackathonUITests */,
			);
		};
/* End PBXProject section */

/* Begin PBXResourcesBuildPhase section */
		7D81EE492865BE020074B4E4 /* Resources */ = {
			isa = PBXResourcesBuildPhase;
			buildActionMask = 2147483647;
			files = (
				7D81EE562865BE030074B4E4 /* Preview Assets.xcassets in Resources */,
				7D81EE532865BE030074B4E4 /* Assets.xcassets in Resources */,
			);
			runOnlyForDeploymentPostprocessing = 0;
		};
		7D81EE592865BE030074B4E4 /* Resources */ = {
			isa = PBXResourcesBuildPhase;
			buildActionMask = 2147483647;
			files = (
			);
			runOnlyForDeploymentPostprocessing = 0;
		};
		7D81EE632865BE030074B4E4 /* Resources */ = {
			isa = PBXResourcesBuildPhase;
			buildActionMask = 2147483647;
			files = (
			);
			runOnlyForDeploymentPostprocessing = 0;
		};
/* End PBXResourcesBuildPhase section */

/* Begin PBXShellScriptBuildPhase section */
		432D8444EC8827937BCD4B7B /* [CP] Embed Pods Frameworks */ = {
			isa = PBXShellScriptBuildPhase;
			buildActionMask = 2147483647;
			files = (
			);
			inputFileListPaths = (
				"${PODS_ROOT}/Target Support Files/Pods-TeamEventHackathon/Pods-TeamEventHackathon-frameworks-${CONFIGURATION}-input-files.xcfilelist",
			);
			name = "[CP] Embed Pods Frameworks";
			outputFileListPaths = (
				"${PODS_ROOT}/Target Support Files/Pods-TeamEventHackathon/Pods-TeamEventHackathon-frameworks-${CONFIGURATION}-output-files.xcfilelist",
			);
			runOnlyForDeploymentPostprocessing = 0;
			shellPath = /bin/sh;
			shellScript = "\"${PODS_ROOT}/Target Support Files/Pods-TeamEventHackathon/Pods-TeamEventHackathon-frameworks.sh\"\n";
			showEnvVarsInLog = 0;
		};
		9F092AA61A1483ECED8690E8 /* [CP] Check Pods Manifest.lock */ = {
			isa = PBXShellScriptBuildPhase;
			buildActionMask = 2147483647;
			files = (
			);
			inputFileListPaths = (
			);
			inputPaths = (
				"${PODS_PODFILE_DIR_PATH}/Podfile.lock",
				"${PODS_ROOT}/Manifest.lock",
			);
			name = "[CP] Check Pods Manifest.lock";
			outputFileListPaths = (
			);
			outputPaths = (
				"$(DERIVED_FILE_DIR)/Pods-TeamEventHackathon-checkManifestLockResult.txt",
			);
			runOnlyForDeploymentPostprocessing = 0;
			shellPath = /bin/sh;
			shellScript = "diff \"${PODS_PODFILE_DIR_PATH}/Podfile.lock\" \"${PODS_ROOT}/Manifest.lock\" > /dev/null\nif [ $? != 0 ] ; then\n    # print error to STDERR\n    echo \"error: The sandbox is not in sync with the Podfile.lock. Run 'pod install' or update your CocoaPods installation.\" >&2\n    exit 1\nfi\n# This output is used by Xcode 'outputs' to avoid re-running this script phase.\necho \"SUCCESS\" > \"${SCRIPT_OUTPUT_FILE_0}\"\n";
			showEnvVarsInLog = 0;
		};
/* End PBXShellScriptBuildPhase section */

/* Begin PBXSourcesBuildPhase section */
		7D81EE472865BE020074B4E4 /* Sources */ = {
			isa = PBXSourcesBuildPhase;
			buildActionMask = 2147483647;
			files = (
				7D81EE512865BE020074B4E4 /* LoginView.swift in Sources */,
				7D81EE7C2865CDAE0074B4E4 /* TeamEventDetailViewModel.swift in Sources */,
				7D81EE4F2865BE020074B4E4 /* TeamEventHackathonApp.swift in Sources */,
				3B5DE4F72865EF14007ADCD4 /* EventView.swift in Sources */,
				3B5DE4FB2865F9EA007ADCD4 /* NewEventView.swift in Sources */,
				7D81EE792865CC640074B4E4 /* TeamEventDetailScreen.swift in Sources */,
				7D81EE802865CE060074B4E4 /* Event.swift in Sources */,
				3B5DE4F82865EF14007ADCD4 /* EventsListView.swift in Sources */,
			);
			runOnlyForDeploymentPostprocessing = 0;
		};
		7D81EE572865BE030074B4E4 /* Sources */ = {
			isa = PBXSourcesBuildPhase;
			buildActionMask = 2147483647;
			files = (
				7D81EE602865BE030074B4E4 /* TeamEventHackathonTests.swift in Sources */,
			);
			runOnlyForDeploymentPostprocessing = 0;
		};
		7D81EE612865BE030074B4E4 /* Sources */ = {
			isa = PBXSourcesBuildPhase;
			buildActionMask = 2147483647;
			files = (
				7D81EE6C2865BE030074B4E4 /* TeamEventHackathonUITestsLaunchTests.swift in Sources */,
				7D81EE6A2865BE030074B4E4 /* TeamEventHackathonUITests.swift in Sources */,
			);
			runOnlyForDeploymentPostprocessing = 0;
		};
/* End PBXSourcesBuildPhase section */

/* Begin PBXTargetDependency section */
		7D81EE5D2865BE030074B4E4 /* PBXTargetDependency */ = {
			isa = PBXTargetDependency;
			target = 7D81EE4A2865BE020074B4E4 /* TeamEventHackathon */;
			targetProxy = 7D81EE5C2865BE030074B4E4 /* PBXContainerItemProxy */;
		};
		7D81EE672865BE030074B4E4 /* PBXTargetDependency */ = {
			isa = PBXTargetDependency;
			target = 7D81EE4A2865BE020074B4E4 /* TeamEventHackathon */;
			targetProxy = 7D81EE662865BE030074B4E4 /* PBXContainerItemProxy */;
		};
/* End PBXTargetDependency section */

/* Begin XCBuildConfiguration section */
		7D81EE6D2865BE030074B4E4 /* Debug */ = {
			isa = XCBuildConfiguration;
			buildSettings = {
				ALWAYS_SEARCH_USER_PATHS = NO;
				CLANG_ANALYZER_NONNULL = YES;
				CLANG_ANALYZER_NUMBER_OBJECT_CONVERSION = YES_AGGRESSIVE;
				CLANG_CXX_LANGUAGE_STANDARD = "gnu++17";
				CLANG_CXX_LIBRARY = "libc++";
				CLANG_ENABLE_MODULES = YES;
				CLANG_ENABLE_OBJC_ARC = YES;
				CLANG_ENABLE_OBJC_WEAK = YES;
				CLANG_WARN_BLOCK_CAPTURE_AUTORELEASING = YES;
				CLANG_WARN_BOOL_CONVERSION = YES;
				CLANG_WARN_COMMA = YES;
				CLANG_WARN_CONSTANT_CONVERSION = YES;
				CLANG_WARN_DEPRECATED_OBJC_IMPLEMENTATIONS = YES;
				CLANG_WARN_DIRECT_OBJC_ISA_USAGE = YES_ERROR;
				CLANG_WARN_DOCUMENTATION_COMMENTS = YES;
				CLANG_WARN_EMPTY_BODY = YES;
				CLANG_WARN_ENUM_CONVERSION = YES;
				CLANG_WARN_INFINITE_RECURSION = YES;
				CLANG_WARN_INT_CONVERSION = YES;
				CLANG_WARN_NON_LITERAL_NULL_CONVERSION = YES;
				CLANG_WARN_OBJC_IMPLICIT_RETAIN_SELF = YES;
				CLANG_WARN_OBJC_LITERAL_CONVERSION = YES;
				CLANG_WARN_OBJC_ROOT_CLASS = YES_ERROR;
				CLANG_WARN_QUOTED_INCLUDE_IN_FRAMEWORK_HEADER = YES;
				CLANG_WARN_RANGE_LOOP_ANALYSIS = YES;
				CLANG_WARN_STRICT_PROTOTYPES = YES;
				CLANG_WARN_SUSPICIOUS_MOVE = YES;
				CLANG_WARN_UNGUARDED_AVAILABILITY = YES_AGGRESSIVE;
				CLANG_WARN_UNREACHABLE_CODE = YES;
				CLANG_WARN__DUPLICATE_METHOD_MATCH = YES;
				COPY_PHASE_STRIP = NO;
				DEBUG_INFORMATION_FORMAT = dwarf;
				ENABLE_STRICT_OBJC_MSGSEND = YES;
				ENABLE_TESTABILITY = YES;
				GCC_C_LANGUAGE_STANDARD = gnu11;
				GCC_DYNAMIC_NO_PIC = NO;
				GCC_NO_COMMON_BLOCKS = YES;
				GCC_OPTIMIZATION_LEVEL = 0;
				GCC_PREPROCESSOR_DEFINITIONS = (
					"DEBUG=1",
					"$(inherited)",
				);
				GCC_WARN_64_TO_32_BIT_CONVERSION = YES;
				GCC_WARN_ABOUT_RETURN_TYPE = YES_ERROR;
				GCC_WARN_UNDECLARED_SELECTOR = YES;
				GCC_WARN_UNINITIALIZED_AUTOS = YES_AGGRESSIVE;
				GCC_WARN_UNUSED_FUNCTION = YES;
				GCC_WARN_UNUSED_VARIABLE = YES;
				IPHONEOS_DEPLOYMENT_TARGET = 15.2;
				MTL_ENABLE_DEBUG_INFO = INCLUDE_SOURCE;
				MTL_FAST_MATH = YES;
				ONLY_ACTIVE_ARCH = YES;
				SDKROOT = iphoneos;
				SWIFT_ACTIVE_COMPILATION_CONDITIONS = DEBUG;
				SWIFT_OPTIMIZATION_LEVEL = "-Onone";
			};
			name = Debug;
		};
		7D81EE6E2865BE030074B4E4 /* Release */ = {
			isa = XCBuildConfiguration;
			buildSettings = {
				ALWAYS_SEARCH_USER_PATHS = NO;
				CLANG_ANALYZER_NONNULL = YES;
				CLANG_ANALYZER_NUMBER_OBJECT_CONVERSION = YES_AGGRESSIVE;
				CLANG_CXX_LANGUAGE_STANDARD = "gnu++17";
				CLANG_CXX_LIBRARY = "libc++";
				CLANG_ENABLE_MODULES = YES;
				CLANG_ENABLE_OBJC_ARC = YES;
				CLANG_ENABLE_OBJC_WEAK = YES;
				CLANG_WARN_BLOCK_CAPTURE_AUTORELEASING = YES;
				CLANG_WARN_BOOL_CONVERSION = YES;
				CLANG_WARN_COMMA = YES;
				CLANG_WARN_CONSTANT_CONVERSION = YES;
				CLANG_WARN_DEPRECATED_OBJC_IMPLEMENTATIONS = YES;
				CLANG_WARN_DIRECT_OBJC_ISA_USAGE = YES_ERROR;
				CLANG_WARN_DOCUMENTATION_COMMENTS = YES;
				CLANG_WARN_EMPTY_BODY = YES;
				CLANG_WARN_ENUM_CONVERSION = YES;
				CLANG_WARN_INFINITE_RECURSION = YES;
				CLANG_WARN_INT_CONVERSION = YES;
				CLANG_WARN_NON_LITERAL_NULL_CONVERSION = YES;
				CLANG_WARN_OBJC_IMPLICIT_RETAIN_SELF = YES;
				CLANG_WARN_OBJC_LITERAL_CONVERSION = YES;
				CLANG_WARN_OBJC_ROOT_CLASS = YES_ERROR;
				CLANG_WARN_QUOTED_INCLUDE_IN_FRAMEWORK_HEADER = YES;
				CLANG_WARN_RANGE_LOOP_ANALYSIS = YES;
				CLANG_WARN_STRICT_PROTOTYPES = YES;
				CLANG_WARN_SUSPICIOUS_MOVE = YES;
				CLANG_WARN_UNGUARDED_AVAILABILITY = YES_AGGRESSIVE;
				CLANG_WARN_UNREACHABLE_CODE = YES;
				CLANG_WARN__DUPLICATE_METHOD_MATCH = YES;
				COPY_PHASE_STRIP = NO;
				DEBUG_INFORMATION_FORMAT = "dwarf-with-dsym";
				ENABLE_NS_ASSERTIONS = NO;
				ENABLE_STRICT_OBJC_MSGSEND = YES;
				GCC_C_LANGUAGE_STANDARD = gnu11;
				GCC_NO_COMMON_BLOCKS = YES;
				GCC_WARN_64_TO_32_BIT_CONVERSION = YES;
				GCC_WARN_ABOUT_RETURN_TYPE = YES_ERROR;
				GCC_WARN_UNDECLARED_SELECTOR = YES;
				GCC_WARN_UNINITIALIZED_AUTOS = YES_AGGRESSIVE;
				GCC_WARN_UNUSED_FUNCTION = YES;
				GCC_WARN_UNUSED_VARIABLE = YES;
				IPHONEOS_DEPLOYMENT_TARGET = 15.2;
				MTL_ENABLE_DEBUG_INFO = NO;
				MTL_FAST_MATH = YES;
				SDKROOT = iphoneos;
				SWIFT_COMPILATION_MODE = wholemodule;
				SWIFT_OPTIMIZATION_LEVEL = "-O";
				VALIDATE_PRODUCT = YES;
			};
			name = Release;
		};
		7D81EE702865BE030074B4E4 /* Debug */ = {
			isa = XCBuildConfiguration;
			baseConfigurationReference = 65C084FB6ADC8AA9CFD2CDF8 /* Pods-TeamEventHackathon.debug.xcconfig */;
			buildSettings = {
				ASSETCATALOG_COMPILER_APPICON_NAME = AppIcon;
				ASSETCATALOG_COMPILER_GLOBAL_ACCENT_COLOR_NAME = AccentColor;
				CODE_SIGN_STYLE = Automatic;
				CURRENT_PROJECT_VERSION = 1;
				DEVELOPMENT_ASSET_PATHS = "\"TeamEventHackathon/Preview Content\"";
				ENABLE_PREVIEWS = YES;
				GENERATE_INFOPLIST_FILE = YES;
				INFOPLIST_KEY_UIApplicationSceneManifest_Generation = YES;
				INFOPLIST_KEY_UIApplicationSupportsIndirectInputEvents = YES;
				INFOPLIST_KEY_UILaunchScreen_Generation = YES;
				INFOPLIST_KEY_UISupportedInterfaceOrientations_iPad = "UIInterfaceOrientationPortrait UIInterfaceOrientationPortraitUpsideDown UIInterfaceOrientationLandscapeLeft UIInterfaceOrientationLandscapeRight";
				INFOPLIST_KEY_UISupportedInterfaceOrientations_iPhone = "UIInterfaceOrientationPortrait UIInterfaceOrientationLandscapeLeft UIInterfaceOrientationLandscapeRight";
				LD_RUNPATH_SEARCH_PATHS = (
					"$(inherited)",
					"@executable_path/Frameworks",
				);
				MARKETING_VERSION = 1.0;
				PRODUCT_BUNDLE_IDENTIFIER = check24.hackathon.TeamEventHackathon;
				PRODUCT_NAME = "$(TARGET_NAME)";
				SWIFT_EMIT_LOC_STRINGS = YES;
				SWIFT_VERSION = 5.0;
				TARGETED_DEVICE_FAMILY = "1,2";
			};
			name = Debug;
		};
		7D81EE712865BE030074B4E4 /* Release */ = {
			isa = XCBuildConfiguration;
			baseConfigurationReference = 0330033553D44CB05E05FED8 /* Pods-TeamEventHackathon.release.xcconfig */;
			buildSettings = {
				ASSETCATALOG_COMPILER_APPICON_NAME = AppIcon;
				ASSETCATALOG_COMPILER_GLOBAL_ACCENT_COLOR_NAME = AccentColor;
				CODE_SIGN_STYLE = Automatic;
				CURRENT_PROJECT_VERSION = 1;
				DEVELOPMENT_ASSET_PATHS = "\"TeamEventHackathon/Preview Content\"";
				ENABLE_PREVIEWS = YES;
				GENERATE_INFOPLIST_FILE = YES;
				INFOPLIST_KEY_UIApplicationSceneManifest_Generation = YES;
				INFOPLIST_KEY_UIApplicationSupportsIndirectInputEvents = YES;
				INFOPLIST_KEY_UILaunchScreen_Generation = YES;
				INFOPLIST_KEY_UISupportedInterfaceOrientations_iPad = "UIInterfaceOrientationPortrait UIInterfaceOrientationPortraitUpsideDown UIInterfaceOrientationLandscapeLeft UIInterfaceOrientationLandscapeRight";
				INFOPLIST_KEY_UISupportedInterfaceOrientations_iPhone = "UIInterfaceOrientationPortrait UIInterfaceOrientationLandscapeLeft UIInterfaceOrientationLandscapeRight";
				LD_RUNPATH_SEARCH_PATHS = (
					"$(inherited)",
					"@executable_path/Frameworks",
				);
				MARKETING_VERSION = 1.0;
				PRODUCT_BUNDLE_IDENTIFIER = check24.hackathon.TeamEventHackathon;
				PRODUCT_NAME = "$(TARGET_NAME)";
				SWIFT_EMIT_LOC_STRINGS = YES;
				SWIFT_VERSION = 5.0;
				TARGETED_DEVICE_FAMILY = "1,2";
			};
			name = Release;
		};
		7D81EE732865BE030074B4E4 /* Debug */ = {
			isa = XCBuildConfiguration;
			buildSettings = {
				ALWAYS_EMBED_SWIFT_STANDARD_LIBRARIES = YES;
				BUNDLE_LOADER = "$(TEST_HOST)";
				CODE_SIGN_STYLE = Automatic;
				CURRENT_PROJECT_VERSION = 1;
				GENERATE_INFOPLIST_FILE = YES;
				IPHONEOS_DEPLOYMENT_TARGET = 15.2;
				MARKETING_VERSION = 1.0;
				PRODUCT_BUNDLE_IDENTIFIER = check24.hackathon.TeamEventHackathonTests;
				PRODUCT_NAME = "$(TARGET_NAME)";
				SWIFT_EMIT_LOC_STRINGS = NO;
				SWIFT_VERSION = 5.0;
				TARGETED_DEVICE_FAMILY = "1,2";
				TEST_HOST = "$(BUILT_PRODUCTS_DIR)/TeamEventHackathon.app/TeamEventHackathon";
			};
			name = Debug;
		};
		7D81EE742865BE030074B4E4 /* Release */ = {
			isa = XCBuildConfiguration;
			buildSettings = {
				ALWAYS_EMBED_SWIFT_STANDARD_LIBRARIES = YES;
				BUNDLE_LOADER = "$(TEST_HOST)";
				CODE_SIGN_STYLE = Automatic;
				CURRENT_PROJECT_VERSION = 1;
				GENERATE_INFOPLIST_FILE = YES;
				IPHONEOS_DEPLOYMENT_TARGET = 15.2;
				MARKETING_VERSION = 1.0;
				PRODUCT_BUNDLE_IDENTIFIER = check24.hackathon.TeamEventHackathonTests;
				PRODUCT_NAME = "$(TARGET_NAME)";
				SWIFT_EMIT_LOC_STRINGS = NO;
				SWIFT_VERSION = 5.0;
				TARGETED_DEVICE_FAMILY = "1,2";
				TEST_HOST = "$(BUILT_PRODUCTS_DIR)/TeamEventHackathon.app/TeamEventHackathon";
			};
			name = Release;
		};
		7D81EE762865BE030074B4E4 /* Debug */ = {
			isa = XCBuildConfiguration;
			buildSettings = {
				ALWAYS_EMBED_SWIFT_STANDARD_LIBRARIES = YES;
				CODE_SIGN_STYLE = Automatic;
				CURRENT_PROJECT_VERSION = 1;
				GENERATE_INFOPLIST_FILE = YES;
				MARKETING_VERSION = 1.0;
				PRODUCT_BUNDLE_IDENTIFIER = check24.hackathon.TeamEventHackathonUITests;
				PRODUCT_NAME = "$(TARGET_NAME)";
				SWIFT_EMIT_LOC_STRINGS = NO;
				SWIFT_VERSION = 5.0;
				TARGETED_DEVICE_FAMILY = "1,2";
				TEST_TARGET_NAME = TeamEventHackathon;
			};
			name = Debug;
		};
		7D81EE772865BE030074B4E4 /* Release */ = {
			isa = XCBuildConfiguration;
			buildSettings = {
				ALWAYS_EMBED_SWIFT_STANDARD_LIBRARIES = YES;
				CODE_SIGN_STYLE = Automatic;
				CURRENT_PROJECT_VERSION = 1;
				GENERATE_INFOPLIST_FILE = YES;
				MARKETING_VERSION = 1.0;
				PRODUCT_BUNDLE_IDENTIFIER = check24.hackathon.TeamEventHackathonUITests;
				PRODUCT_NAME = "$(TARGET_NAME)";
				SWIFT_EMIT_LOC_STRINGS = NO;
				SWIFT_VERSION = 5.0;
				TARGETED_DEVICE_FAMILY = "1,2";
				TEST_TARGET_NAME = TeamEventHackathon;
			};
			name = Release;
		};
/* End XCBuildConfiguration section */

/* Begin XCConfigurationList section */
		7D81EE462865BE020074B4E4 /* Build configuration list for PBXProject "TeamEventHackathon" */ = {
			isa = XCConfigurationList;
			buildConfigurations = (
				7D81EE6D2865BE030074B4E4 /* Debug */,
				7D81EE6E2865BE030074B4E4 /* Release */,
			);
			defaultConfigurationIsVisible = 0;
			defaultConfigurationName = Release;
		};
		7D81EE6F2865BE030074B4E4 /* Build configuration list for PBXNativeTarget "TeamEventHackathon" */ = {
			isa = XCConfigurationList;
			buildConfigurations = (
				7D81EE702865BE030074B4E4 /* Debug */,
				7D81EE712865BE030074B4E4 /* Release */,
			);
			defaultConfigurationIsVisible = 0;
			defaultConfigurationName = Release;
		};
		7D81EE722865BE030074B4E4 /* Build configuration list for PBXNativeTarget "TeamEventHackathonTests" */ = {
			isa = XCConfigurationList;
			buildConfigurations = (
				7D81EE732865BE030074B4E4 /* Debug */,
				7D81EE742865BE030074B4E4 /* Release */,
			);
			defaultConfigurationIsVisible = 0;
			defaultConfigurationName = Release;
		};
		7D81EE752865BE030074B4E4 /* Build configuration list for PBXNativeTarget "TeamEventHackathonUITests" */ = {
			isa = XCConfigurationList;
			buildConfigurations = (
				7D81EE762865BE030074B4E4 /* Debug */,
				7D81EE772865BE030074B4E4 /* Release */,
			);
			defaultConfigurationIsVisible = 0;
			defaultConfigurationName = Release;
		};
/* End XCConfigurationList section */
	};
	rootObject = 7D81EE432865BE020074B4E4 /* Project object */;
}
